
Microsoft Visual Studio Solution File, Format Version 12.00
# Visual Studio Version 16
VisualStudioVersion = 16.0.29411.108
MinimumVisualStudioVersion = 10.0.40219.1
Project("{FAE04EC0-301F-11D3-BF4B-00C04F79EFBC}") = "FASHION_STORE_MANAGEMENT_SYSTEM", "FASHION_STORE_MANAGEMENT_SYSTEM.csproj", "{5B03DE29-B75D-47CB-99CB-B9EDCF6A17B5}"
EndProject
Global
	GlobalSection(SolutionConfigurationPlatforms) = preSolution
		Debug|Any CPU = Debug|Any CPU
		Release|Any CPU = Release|Any CPU
	EndGlobalSection
	GlobalSection(ProjectConfigurationPlatforms) = postSolution
		{5B03DE29-B75D-47CB-99CB-B9EDCF6A17B5}.Debug|Any CPU.ActiveCfg = Debug|Any CPU
		{5B03DE29-B75D-47CB-99CB-B9EDCF6A17B5}.Debug|Any CPU.Build.0 = Debug|Any CPU
		{5B03DE29-B75D-47CB-99CB-B9EDCF6A17B5}.Release|Any CPU.ActiveCfg = Release|Any CPU
		{5B03DE29-B75D-47CB-99CB-B9EDCF6A17B5}.Release|Any CPU.Build.0 = Release|Any CPU
	EndGlobalSection
	GlobalSection(SolutionProperties) = preSolution
		HideSolutionNode = FALSE
	EndGlobalSection
	GlobalSection(ExtensibilityGlobals) = postSolution
		SolutionGuid = {69F1EA31-E40D-4C6C-857B-9693DD605888}
	EndGlobalSection
EndGlobal
